# @generated - this file is auto-generated by `mise lock` https://mise.jdx.dev/dev-tools/mise-lock.html

[[tools."aqua:aws/session-manager-plugin"]]
version = "1.2.835.0"
backend = "aqua:aws/session-manager-plugin"

[tools."aqua:aws/session-manager-plugin"."platforms.macos-arm64"]
url = "https://s3.amazonaws.com/session-manager-downloads/plugin/1.2.835.0/mac_arm64/sessionmanager-bundle.zip"

[[tools."aqua:fish-shell/fish-shell"]]
version = "4.9.2"
backend = "aqua:fish-shell/fish-shell"

[tools."aqua:fish-shell/fish-shell"."platforms.macos-arm64"]
checksum = "sha256:93491525e4e338f7a6b164334b33eee261fb70f71576539c8a08130f84dc3496"
url = "https://github.com/fish-shell/fish-shell/releases/download/4.9.2/fish-4.9.2.pkg"
url_api = "https://api.github.com/repos/fish-shell/fish-shell/releases/assets/545717347"

[[tools."aqua:nushell/nushell"]]
version = "0.115.1"
backend = "aqua:nushell/nushell"

[tools."aqua:nushell/nushell"."platforms.macos-arm64"]
checksum = "sha256:2e6ed1eb043869ff05b5f2448a8c443e4d3a93557ba4303b21008a0523c96734"
url = "https://github.com/nushell/nushell/releases/download/0.115.1/nu-0.115.1-aarch64-apple-darwin.tar.gz"
url_api = "https://api.github.com/repos/nushell/nushell/releases/assets/526010403"

[[tools.atuin]]
version = "18.21.0"
backend = "aqua:atuinsh/atuin"

[tools.atuin."platforms.macos-arm64"]
checksum = "sha256:c78ac159c89c38ee0b56eb6a11d9c0a7340de3a03b98fbbccd44f8e2d91e6e6e"
url = "https://github.com/atuinsh/atuin/releases/download/v18.21.0/atuin-aarch64-apple-darwin.tar.gz"
url_api = "https://api.github.com/repos/atuinsh/atuin/releases/assets/538647916"
provenance = "github-attestations"

[[tools.aws-cli]]
version = "2.36.40"
backend = "aqua:aws/aws-cli"

[tools.aws-cli."platforms.macos-arm64"]
checksum = "blake3:5db2bdbe1a49c6b544796a62b37aea7452f706f40d8becea3f41088309084812"
url = "https://awscli.amazonaws.com/AWSCLIV2-2.36.40.pkg"

[[tools.bat]]
version = "0.26.1"
backend = "aqua:sharkdp/bat"

[tools.bat."platforms.macos-arm64"]
checksum = "sha256:e30beff26779c9bf60bb541e1d79046250cb74378f2757f8eb250afddb19e114"
url = "https://github.com/sharkdp/bat/releases/download/v0.26.1/bat-v0.26.1-aarch64-apple-darwin.tar.gz"
url_api = "https://api.github.com/repos/sharkdp/bat/releases/assets/323548442"

[[tools.bun]]
version = "1.4.2"
backend = "core:bun"

[tools.bun."platforms.macos-arm64"]
checksum = "sha256:90987a3a16d7db556d886ac3d551e7b6d3edf0a1cf43acaed622e8676be1d12f"
url = "https://github.com/oven-sh/bun/releases/download/bun-v1.4.2/bun-darwin-aarch64.zip"

[[tools.caddy]]
version = "2.11.4"
backend = "aqua:caddyserver/caddy"

[tools.caddy."platforms.macos-arm64"]
checksum = "sha256:9efb0af2d6cf09cfb5053c0e51721b9b3d4956d346234f39368d943d25a3c9a7"
url = "https://github.com/caddyserver/caddy/releases/download/v2.11.4/caddy_2.11.4_mac_arm64.tar.gz"
url_api = "https://api.github.com/repos/caddyserver/caddy/releases/assets/436912311"

[[tools.carapace]]
version = "1.7.3"
backend = "aqua:carapace-sh/carapace-bin"

[tools.carapace."platforms.macos-arm64"]
checksum = "sha256:a7e79d8787ffc63c26568e8d8256d12df91f5cda0d9dc83d50e90b8567028a9d"
url = "https://github.com/carapace-sh/carapace-bin/releases/download/v1.7.3/carapace-bin_1.7.3_darwin_arm64.tar.gz"
url_api = "https://api.github.com/repos/carapace-sh/carapace-bin/releases/assets/462542252"

[[tools.colima]]
version = "0.10.3"
backend = "aqua:abiosoft/colima"

[tools.colima."platforms.macos-arm64"]
checksum = "sha256:980ad8bf61a4ca370243f4cb41401a61276dcd2c2502bee7b9b86f9250169f34"
url = "https://github.com/abiosoft/colima/releases/download/v0.10.3/colima-Darwin-arm64"
url_api = "https://api.github.com/repos/abiosoft/colima/releases/assets/438456725"

[[tools.delta]]
version = "0.19.2"
backend = "aqua:dandavison/delta"

[tools.delta."platforms.macos-arm64"]
checksum = "sha256:9be36612a5a13e9e386dc498fb8e50dc87c72ee42b63db0ea05b32f99a72a69a"
url = "https://github.com/dandavison/delta/releases/download/0.19.2/delta-0.19.2-aarch64-apple-darwin.tar.gz"
url_api = "https://api.github.com/repos/dandavison/delta/releases/assets/383662310"

[[tools.docker-compose]]
version = "5.5.1"
backend = "aqua:docker/compose"

[tools.docker-compose."platforms.macos-arm64"]
checksum = "sha256:998735c9b6fe68a4f05895e6ea73d71ad06f9fc7046383ad89e47346781b6af5"
url = "https://github.com/docker/compose/releases/download/v5.5.1/docker-compose-darwin-aarch64"
url_api = "https://api.github.com/repos/docker/compose/releases/assets/542966325"
provenance = "cosign"

[[tools.fzf]]
version = "0.74.3"
backend = "aqua:junegunn/fzf"

[tools.fzf."platforms.macos-arm64"]
checksum = "sha256:1f8501cea4f9c0c2d6110d0ff75d0ec9451cd9d7524d9a26244a154ea89f3bd5"
url = "https://github.com/junegunn/fzf/releases/download/v0.74.3/fzf-0.74.3-darwin_arm64.tar.gz"
url_api = "https://api.github.com/repos/junegunn/fzf/releases/assets/517537091"

[[tools.gh]]
version = "2.100.0"
backend = "aqua:cli/cli"

[tools.gh."platforms.macos-arm64"]
checksum = "sha256:45f9a62da2f6e641a7fad57e2ce39656dfd7ef331372d80a2a2aed65abb01642"
url = "https://github.com/cli/cli/releases/download/v2.100.0/gh_2.100.0_macOS_arm64.zip"
url_api = "https://api.github.com/repos/cli/cli/releases/assets/542974295"
provenance = "github-attestations"

[[tools.git-lfs]]
version = "3.8.0"
backend = "aqua:git-lfs/git-lfs"

[tools.git-lfs."platforms.macos-arm64"]
checksum = "sha256:caff76a7d070d8160c89bc39b6e85d98f24135b6fed038a3b4de2590d25102d8"
url = "https://github.com/git-lfs/git-lfs/releases/download/v3.8.0/git-lfs-darwin-arm64-v3.8.0.zip"
url_api = "https://api.github.com/repos/git-lfs/git-lfs/releases/assets/532993595"

[[tools."github:boyter/scc"]]
version = "4.0.0"
backend = "github:boyter/scc"

[tools."github:boyter/scc"."platforms.macos-arm64"]
checksum = "sha256:02cfdfcaf5baf7f6595746efdfcc6301fce89cfc6a5bf8b52ed78064937fd933"
url = "https://github.com/boyter/scc/releases/download/v4.0.0/scc_Darwin_arm64.tar.gz"
url_api = "https://api.github.com/repos/boyter/scc/releases/assets/526904411"

[[tools."github:kitlangton/ghui"]]
version = "0.9.1"
backend = "github:kitlangton/ghui"

[tools."github:kitlangton/ghui"."platforms.macos-arm64"]
checksum = "sha256:8d2d4424b4238069ceec45c610df9f09f40bbf01e40c309257aaae56795424d3"
url = "https://github.com/kitlangton/ghui/releases/download/v0.9.1/ghui-darwin-arm64.tar.gz"
url_api = "https://api.github.com/repos/kitlangton/ghui/releases/assets/541361183"

[[tools.helix]]
version = "25.07.1"
backend = "aqua:helix-editor/helix"

[tools.helix."platforms.macos-arm64"]
checksum = "sha256:00b1651b4fdbbe0a2ae981c8e76b858bd26a7c33f5b3583f3b6bb9137d54f1ff"
url = "https://github.com/helix-editor/helix/releases/download/25.07.1/helix-25.07.1-aarch64-macos.tar.xz"
url_api = "https://api.github.com/repos/helix-editor/helix/releases/assets/274144403"

[[tools.java]]
version = "27.0.0"
backend = "core:java"

[tools.java.options]
shorthand_vendor = "openjdk"

[tools.java."platforms.macos-arm64"]
checksum = "sha256:ff42134c1bc5ac81c5a91a95fd4df87479db5d0499ba875d6adb5bda5626c3e8"
url = "https://download.java.net/java/GA/jdk27/55ce5470a6294008af0057ff4626d0e5/35/GPL/openjdk-27_macos-aarch64_bin.tar.gz"

[[tools.lazydocker]]
version = "0.25.2"
backend = "aqua:jesseduffield/lazydocker"

[tools.lazydocker."platforms.macos-arm64"]
checksum = "sha256:4a54d7b4abdf255b2bce9806641eac5568d5b7fbc820c1b5d3f9e34ea1367d60"
url = "https://github.com/jesseduffield/lazydocker/releases/download/v0.25.2/lazydocker_0.25.2_Darwin_arm64.tar.gz"
url_api = "https://api.github.com/repos/jesseduffield/lazydocker/releases/assets/399711580"

[[tools.lazygit]]
version = "0.65.0"
backend = "aqua:jesseduffield/lazygit"

[tools.lazygit."platforms.macos-arm64"]
checksum = "sha256:d8ea1cade9e4279e45cbb58652e84edb07e98a9f8ec0604099c8b0a8f709e63a"
url = "https://github.com/jesseduffield/lazygit/releases/download/v0.65.0/lazygit_0.65.0_darwin_arm64.tar.gz"
url_api = "https://api.github.com/repos/jesseduffield/lazygit/releases/assets/545957198"

[[tools.lazyssh]]
version = "0.3.0"
backend = "aqua:Adembc/lazyssh"

[tools.lazyssh."platforms.macos-arm64"]
checksum = "sha256:43163742c109e73f2b71db682fe04fb25dac23e132edd6cf93752b26b408e8c8"
url = "https://github.com/Adembc/lazyssh/releases/download/v0.3.0/lazyssh_Darwin_arm64.tar.gz"
url_api = "https://api.github.com/repos/Adembc/lazyssh/releases/assets/302058543"

[[tools.lima]]
version = "2.2.0"
backend = "aqua:lima-vm/lima"

[tools.lima."platforms.macos-arm64"]
checksum = "sha256:bbdef91774885a0d05f7b048c4eb89ae2bcf3a0c252ae7ca7934e63df76d93c3"
url = "https://github.com/lima-vm/lima/releases/download/v2.2.0/lima-2.2.0-Darwin-arm64.tar.gz"
url_api = "https://api.github.com/repos/lima-vm/lima/releases/assets/484813994"
provenance = "github-attestations"

[[tools.node]]
version = "26.8.1"
backend = "core:node"

[tools.node."platforms.macos-arm64"]
checksum = "sha256:6e577fd0d9db776db82306629e441a9dace416702622aebdd171c9dfaa41f4d2"
url = "https://nodejs.org/dist/v26.8.1/node-v26.8.1-darwin-arm64.tar.gz"

[[tools."npm:chrome-devtools-mcp"]]
version = "1.8.0"
backend = "npm:chrome-devtools-mcp"

[[tools."npm:convex"]]
version = "1.45.0"
backend = "npm:convex"

[[tools.pnpm]]
version = "12.3.4"
backend = "aqua:pnpm/pnpm"

[tools.pnpm."platforms.macos-arm64"]
checksum = "sha256:9560243d4e92780c4466bac2ee6aac4166c8bb601ad3c63f070cdd701b28f360"
url = "https://github.com/pnpm/pnpm/releases/download/v12.3.4/pnpm-darwin-arm64.tar.gz"
url_api = "https://api.github.com/repos/pnpm/pnpm/releases/assets/544431956"
provenance = "github-attestations"

[[tools.ripgrep]]
version = "15.2.0"
backend = "aqua:BurntSushi/ripgrep"

[tools.ripgrep."platforms.macos-arm64"]
checksum = "sha256:3750b2e93f37e0c692657da574d7019a101c0084da05a790c83fd335bad973e4"
url = "https://github.com/BurntSushi/ripgrep/releases/download/15.2.0/ripgrep-15.2.0-aarch64-apple-darwin.tar.gz"
url_api = "https://api.github.com/repos/BurntSushi/ripgrep/releases/assets/478118851"

[[tools.ripgrep-all]]
version = "0.10.10"
backend = "aqua:phiresky/ripgrep-all"

[tools.ripgrep-all."platforms.macos-arm64"]
checksum = "sha256:9deeaa927779078568832b5b69ae57986ca917f24974bb4976c062f632846856"
url = "https://github.com/phiresky/ripgrep-all/releases/download/v0.10.10/ripgrep_all-v0.10.10-aarch64-apple-darwin.tar.gz"
url_api = "https://api.github.com/repos/phiresky/ripgrep-all/releases/assets/314432965"

[[tools.starship]]
version = "1.26.0"
backend = "aqua:starship/starship"

[tools.starship."platforms.macos-arm64"]
checksum = "sha256:c40b27b11f580411e068f2fa6c1be7830a387c0bc47a94d1d37f32b054c5361d"
url = "https://github.com/starship/starship/releases/download/v1.26.0/starship-aarch64-apple-darwin.tar.gz"
url_api = "https://api.github.com/repos/starship/starship/releases/assets/460374577"

[[tools.usage]]
version = "6.7.1"
backend = "aqua:jdx/usage"

[tools.usage."platforms.macos-arm64"]
checksum = "sha256:7c9d4a3b575a9b3bed6a211aed8a080a287bf376e01ae3f1edcd4d6af4dc038f"
url = "https://github.com/jdx/usage/releases/download/v6.7.1/usage-universal-apple-darwin.tar.gz"
url_api = "https://api.github.com/repos/jdx/usage/releases/assets/546276594"

[[tools.zoxide]]
version = "0.10.0"
backend = "aqua:ajeetdsouza/zoxide"

[tools.zoxide."platforms.macos-arm64"]
checksum = "sha256:b55ae6f2f5f23d0a6ccb3bd4eeb2af9c7e0a6556e5255c82100e40305129bbb0"
url = "https://github.com/ajeetdsouza/zoxide/releases/download/v0.10.0/zoxide-0.10.0-aarch64-apple-darwin.tar.gz"
url_api = "https://api.github.com/repos/ajeetdsouza/zoxide/releases/assets/466316174"
