# @generated - this file is auto-generated by `mise lock` https://mise.jdx.dev/dev-tools/mise-lock.html

[[tools."aqua:fish-shell/fish-shell"]]
version = "4.8.1"
backend = "aqua:fish-shell/fish-shell"

[tools."aqua:fish-shell/fish-shell"."platforms.macos-arm64"]
checksum = "sha256:b196c2f9635486320ff9179c5c5aae9b0109234513c96b0ab0683e7349a404ac"
url = "https://github.com/fish-shell/fish-shell/releases/download/4.8.1/fish-4.8.1.pkg"
url_api = "https://api.github.com/repos/fish-shell/fish-shell/releases/assets/476044372"

[[tools."aqua:nushell/nushell"]]
version = "0.114.1"
backend = "aqua:nushell/nushell"

[tools."aqua:nushell/nushell"."platforms.macos-arm64"]
checksum = "sha256:cb0ac9b97b985cd217a952f44438a14d2df2a95504d9bd8bc01ec73e1351b179"
url = "https://github.com/nushell/nushell/releases/download/0.114.1/nu-0.114.1-aarch64-apple-darwin.tar.gz"
url_api = "https://api.github.com/repos/nushell/nushell/releases/assets/473629724"

[[tools.atuin]]
version = "18.17.1"
backend = "aqua:atuinsh/atuin"

[tools.atuin."platforms.macos-arm64"]
checksum = "sha256:f4f6ff23452d42d1e981c0878ade4f3edaee4bd5ce83c39b0d134d926ca04377"
url = "https://github.com/atuinsh/atuin/releases/download/v18.17.1/atuin-aarch64-apple-darwin.tar.gz"
url_api = "https://api.github.com/repos/atuinsh/atuin/releases/assets/477075557"
provenance = "github-attestations"

[[tools.bat]]
version = "0.26.1"
backend = "aqua:sharkdp/bat"

[tools.bat."platforms.macos-arm64"]
checksum = "sha256:e30beff26779c9bf60bb541e1d79046250cb74378f2757f8eb250afddb19e114"
url = "https://github.com/sharkdp/bat/releases/download/v0.26.1/bat-v0.26.1-aarch64-apple-darwin.tar.gz"
url_api = "https://api.github.com/repos/sharkdp/bat/releases/assets/323548442"

[[tools.bun]]
version = "1.3.14"
backend = "core:bun"

[tools.bun."platforms.macos-arm64"]
checksum = "sha256:d8b96221828ad6f97ac7ac0ab7e95872341af763001e8803e8267652c2652620"
url = "https://github.com/oven-sh/bun/releases/download/bun-v1.3.14/bun-darwin-aarch64.zip"

[[tools.caddy]]
version = "2.11.4"
backend = "aqua:caddyserver/caddy"

[tools.caddy."platforms.macos-arm64"]
checksum = "sha256:9efb0af2d6cf09cfb5053c0e51721b9b3d4956d346234f39368d943d25a3c9a7"
url = "https://github.com/caddyserver/caddy/releases/download/v2.11.4/caddy_2.11.4_mac_arm64.tar.gz"
url_api = "https://api.github.com/repos/caddyserver/caddy/releases/assets/436912311"

[[tools.carapace]]
version = "1.7.3"
backend = "aqua:carapace-sh/carapace-bin"

[tools.carapace."platforms.macos-arm64"]
checksum = "sha256:a7e79d8787ffc63c26568e8d8256d12df91f5cda0d9dc83d50e90b8567028a9d"
url = "https://github.com/carapace-sh/carapace-bin/releases/download/v1.7.3/carapace-bin_1.7.3_darwin_arm64.tar.gz"
url_api = "https://api.github.com/repos/carapace-sh/carapace-bin/releases/assets/462542252"

[[tools.colima]]
version = "0.10.3"
backend = "aqua:abiosoft/colima"

[tools.colima."platforms.macos-arm64"]
checksum = "sha256:980ad8bf61a4ca370243f4cb41401a61276dcd2c2502bee7b9b86f9250169f34"
url = "https://github.com/abiosoft/colima/releases/download/v0.10.3/colima-Darwin-arm64"
url_api = "https://api.github.com/repos/abiosoft/colima/releases/assets/438456725"

[[tools.delta]]
version = "0.19.2"
backend = "aqua:dandavison/delta"

[tools.delta."platforms.macos-arm64"]
checksum = "sha256:9be36612a5a13e9e386dc498fb8e50dc87c72ee42b63db0ea05b32f99a72a69a"
url = "https://github.com/dandavison/delta/releases/download/0.19.2/delta-0.19.2-aarch64-apple-darwin.tar.gz"
url_api = "https://api.github.com/repos/dandavison/delta/releases/assets/383662310"

[[tools.docker-compose]]
version = "5.3.1"
backend = "aqua:docker/compose"

[tools.docker-compose."platforms.macos-arm64"]
checksum = "sha256:32691ba1196d819fa68cbdc0aad9a5569e730a35ae40c6fdd8458110ecd69488"
url = "https://github.com/docker/compose/releases/download/v5.3.1/docker-compose-darwin-aarch64"
url_api = "https://api.github.com/repos/docker/compose/releases/assets/469146961"
provenance = "cosign"

[[tools.fzf]]
version = "0.74.1"
backend = "aqua:junegunn/fzf"

[tools.fzf."platforms.macos-arm64"]
checksum = "sha256:849d1d33b050f04dd6b765665e417da151b0e4654dbed8f55c60fd8e23f3ba20"
url = "https://github.com/junegunn/fzf/releases/download/v0.74.1/fzf-0.74.1-darwin_arm64.tar.gz"
url_api = "https://api.github.com/repos/junegunn/fzf/releases/assets/481468061"

[[tools.gh]]
version = "2.96.0"
backend = "aqua:cli/cli"

[tools.gh."platforms.macos-arm64"]
checksum = "sha256:f23a0c37d963aacc3bed703ccbd59b41c5ca22101fab7f00eb2b7cad23aba463"
url = "https://github.com/cli/cli/releases/download/v2.96.0/gh_2.96.0_macOS_arm64.zip"
url_api = "https://api.github.com/repos/cli/cli/releases/assets/464728562"
provenance = "github-attestations"

[[tools.git-lfs]]
version = "3.7.1"
backend = "aqua:git-lfs/git-lfs"

[tools.git-lfs."platforms.macos-arm64"]
checksum = "sha256:76260fb34f4ee622ff0a66b857e5954aa49c7e343a92e57a1ec4a760618c94b2"
url = "https://github.com/git-lfs/git-lfs/releases/download/v3.7.1/git-lfs-darwin-arm64-v3.7.1.zip"
url_api = "https://api.github.com/repos/git-lfs/git-lfs/releases/assets/305262593"

[[tools."github:boyter/scc"]]
version = "3.7.0"
backend = "github:boyter/scc"

[tools."github:boyter/scc"."platforms.macos-arm64"]
checksum = "sha256:376cbae670be59ee64f398de20e0694ec434bf8a9b842642952b0ab0be5f3961"
url = "https://github.com/boyter/scc/releases/download/v3.7.0/scc_Darwin_arm64.tar.gz"
url_api = "https://api.github.com/repos/boyter/scc/releases/assets/367071904"

[[tools."github:kitlangton/ghui"]]
version = "0.9.0"
backend = "github:kitlangton/ghui"

[tools."github:kitlangton/ghui"."platforms.macos-arm64"]
checksum = "sha256:0f0597395696f74c66baf6ffd78f7187dcdcebd2272a7ab69c744f2421ca40c8"
url = "https://github.com/kitlangton/ghui/releases/download/v0.9.0/ghui-darwin-arm64.tar.gz"
url_api = "https://api.github.com/repos/kitlangton/ghui/releases/assets/460389174"

[[tools.helix]]
version = "25.07.1"
backend = "aqua:helix-editor/helix"

[tools.helix."platforms.macos-arm64"]
checksum = "sha256:00b1651b4fdbbe0a2ae981c8e76b858bd26a7c33f5b3583f3b6bb9137d54f1ff"
url = "https://github.com/helix-editor/helix/releases/download/25.07.1/helix-25.07.1-aarch64-macos.tar.xz"
url_api = "https://api.github.com/repos/helix-editor/helix/releases/assets/274144403"

[[tools.java]]
version = "26.0.2"
backend = "core:java"

[tools.java.options]
shorthand_vendor = "openjdk"

[tools.java."platforms.macos-arm64"]
checksum = "sha256:c99b35ad3063ef555361a243c44280b048e24e3cbbc4a59ee3b368e5a8958f3a"
url = "https://download.java.net/java/GA/jdk26.0.2/818d462d89b645c7a1aad49066c454e5/10/GPL/openjdk-26.0.2_macos-aarch64_bin.tar.gz"

[[tools.lazydocker]]
version = "0.25.2"
backend = "aqua:jesseduffield/lazydocker"

[tools.lazydocker."platforms.macos-arm64"]
checksum = "sha256:4a54d7b4abdf255b2bce9806641eac5568d5b7fbc820c1b5d3f9e34ea1367d60"
url = "https://github.com/jesseduffield/lazydocker/releases/download/v0.25.2/lazydocker_0.25.2_Darwin_arm64.tar.gz"
url_api = "https://api.github.com/repos/jesseduffield/lazydocker/releases/assets/399711580"

[[tools.lazygit]]
version = "0.63.1"
backend = "aqua:jesseduffield/lazygit"

[tools.lazygit."platforms.macos-arm64"]
checksum = "sha256:b963e9d0a1f4649708c594ac6c999cdcd435f8e679e220e78e87c4642badedd6"
url = "https://github.com/jesseduffield/lazygit/releases/download/v0.63.1/lazygit_0.63.1_darwin_arm64.tar.gz"
url_api = "https://api.github.com/repos/jesseduffield/lazygit/releases/assets/477867701"

[[tools.lazyssh]]
version = "0.3.0"
backend = "aqua:Adembc/lazyssh"

[tools.lazyssh."platforms.macos-arm64"]
checksum = "sha256:43163742c109e73f2b71db682fe04fb25dac23e132edd6cf93752b26b408e8c8"
url = "https://github.com/Adembc/lazyssh/releases/download/v0.3.0/lazyssh_Darwin_arm64.tar.gz"
url_api = "https://api.github.com/repos/Adembc/lazyssh/releases/assets/302058543"

[[tools.lima]]
version = "2.2.0"
backend = "aqua:lima-vm/lima"

[tools.lima."platforms.macos-arm64"]
checksum = "sha256:bbdef91774885a0d05f7b048c4eb89ae2bcf3a0c252ae7ca7934e63df76d93c3"
url = "https://github.com/lima-vm/lima/releases/download/v2.2.0/lima-2.2.0-Darwin-arm64.tar.gz"
url_api = "https://api.github.com/repos/lima-vm/lima/releases/assets/484813994"
provenance = "github-attestations"

[[tools.node]]
version = "26.5.0"
backend = "core:node"

[tools.node."platforms.macos-arm64"]
checksum = "sha256:ee920559aaa2391569cff4d737e3b83963430e3a14dedd91bfe0ff53171b5af9"
url = "https://nodejs.org/dist/v26.5.0/node-v26.5.0-darwin-arm64.tar.gz"

[[tools."npm:skills"]]
version = "1.5.20"
backend = "npm:skills"

[[tools.pnpm]]
version = "11.16.0"
backend = "aqua:pnpm/pnpm"

[tools.pnpm."platforms.macos-arm64"]
checksum = "sha256:b8c9bb892908cbb08993ebdf57df375ccb2afba791de65f5b356707fd4ecb5c7"
url = "https://github.com/pnpm/pnpm/releases/download/v11.16.0/pnpm-darwin-arm64.tar.gz"
url_api = "https://api.github.com/repos/pnpm/pnpm/releases/assets/486380005"
provenance = "github-attestations"

[[tools.ripgrep]]
version = "15.2.0"
backend = "aqua:BurntSushi/ripgrep"

[tools.ripgrep."platforms.macos-arm64"]
checksum = "sha256:3750b2e93f37e0c692657da574d7019a101c0084da05a790c83fd335bad973e4"
url = "https://github.com/BurntSushi/ripgrep/releases/download/15.2.0/ripgrep-15.2.0-aarch64-apple-darwin.tar.gz"
url_api = "https://api.github.com/repos/BurntSushi/ripgrep/releases/assets/478118851"

[[tools.ripgrep-all]]
version = "0.10.10"
backend = "aqua:phiresky/ripgrep-all"

[tools.ripgrep-all."platforms.macos-arm64"]
checksum = "sha256:9deeaa927779078568832b5b69ae57986ca917f24974bb4976c062f632846856"
url = "https://github.com/phiresky/ripgrep-all/releases/download/v0.10.10/ripgrep_all-v0.10.10-aarch64-apple-darwin.tar.gz"
url_api = "https://api.github.com/repos/phiresky/ripgrep-all/releases/assets/314432965"

[[tools.starship]]
version = "1.26.0"
backend = "aqua:starship/starship"

[tools.starship."platforms.macos-arm64"]
checksum = "sha256:c40b27b11f580411e068f2fa6c1be7830a387c0bc47a94d1d37f32b054c5361d"
url = "https://github.com/starship/starship/releases/download/v1.26.0/starship-aarch64-apple-darwin.tar.gz"
url_api = "https://api.github.com/repos/starship/starship/releases/assets/460374577"

[[tools.usage]]
version = "3.5.6"
backend = "aqua:jdx/usage"

[tools.usage."platforms.macos-arm64"]
checksum = "sha256:1918694d9f277971b5796b113525b6c3201b3de4c4161f2585dc32bb3aca3eb0"
url = "https://github.com/jdx/usage/releases/download/v3.5.6/usage-universal-apple-darwin.tar.gz"
url_api = "https://api.github.com/repos/jdx/usage/releases/assets/484567363"

[[tools.zoxide]]
version = "0.10.0"
backend = "aqua:ajeetdsouza/zoxide"

[tools.zoxide."platforms.macos-arm64"]
checksum = "sha256:b55ae6f2f5f23d0a6ccb3bd4eeb2af9c7e0a6556e5255c82100e40305129bbb0"
url = "https://github.com/ajeetdsouza/zoxide/releases/download/v0.10.0/zoxide-0.10.0-aarch64-apple-darwin.tar.gz"
url_api = "https://api.github.com/repos/ajeetdsouza/zoxide/releases/assets/466316174"
